
Microsoft Visual Studio Solution File, Format Version 12.00
# Visual Studio Version 17
VisualStudioVersion = 17.10.35122.118
MinimumVisualStudioVersion = 10.0.40219.1
Project("{FAE04EC0-301F-11D3-BF4B-00C04F79EFBC}") = "Test_detection_result", "Test_detection_result\Test_detection_result.csproj", "{D5C7429F-8CB1-416F-8579-83383683AD24}"
EndProject
Global
	GlobalSection(SolutionConfigurationPlatforms) = preSolution
		Debug|Any CPU = Debug|Any CPU
		Release|Any CPU = Release|Any CPU
	EndGlobalSection
	GlobalSection(ProjectConfigurationPlatforms) = postSolution
		{D5C7429F-8CB1-416F-8579-83383683AD24}.Debug|Any CPU.ActiveCfg = Debug|Any CPU
		{D5C7429F-8CB1-416F-8579-83383683AD24}.Debug|Any CPU.Build.0 = Debug|Any CPU
		{D5C7429F-8CB1-416F-8579-83383683AD24}.Release|Any CPU.ActiveCfg = Release|Any CPU
		{D5C7429F-8CB1-416F-8579-83383683AD24}.Release|Any CPU.Build.0 = Release|Any CPU
	EndGlobalSection
	GlobalSection(SolutionProperties) = preSolution
		HideSolutionNode = FALSE
	EndGlobalSection
	GlobalSection(ExtensibilityGlobals) = postSolution
		SolutionGuid = {0FC478D4-F208-48D8-AEDE-C0F0C3D30A1D}
	EndGlobalSection
EndGlobal
